// !$*UTF8*$!
{
	archiveVersion = 1;
	classes = {
	};
	objectVersion = 46;
	objects = {

/* Begin PBXBuildFile section */
		4D0B5F441B53204200158D03 /* b.jpg in Resources */ = {isa = PBXBuildFile; fileRef = 4D0B5F431B53204200158D03 /* b.jpg */; };
		4D4A6E9C1B1BB02E001250F6 /* main.m in Sources */ = {isa = PBXBuildFile; fileRef = 4D4A6E9B1B1BB02E001250F6 /* main.m */; };
		4D4A6E9F1B1BB02E001250F6 /* AppDelegate.m in Sources */ = {isa = PBXBuildFile; fileRef = 4D4A6E9E1B1BB02E001250F6 /* AppDelegate.m */; };
		4D4A6EA21B1BB02E001250F6 /* ViewController.m in Sources */ = {isa = PBXBuildFile; fileRef = 4D4A6EA11B1BB02E001250F6 /* ViewController.m */; };
		4D4A6EA51B1BB02E001250F6 /* Main.storyboard in Resources */ = {isa = PBXBuildFile; fileRef = 4D4A6EA31B1BB02E001250F6 /* Main.storyboard */; };
		4D4A6EA71B1BB02E001250F6 /* Images.xcassets in Resources */ = {isa = PBXBuildFile; fileRef = 4D4A6EA61B1BB02E001250F6 /* Images.xcassets */; };
		4D4A6EAA1B1BB02E001250F6 /* LaunchScreen.xib in Resources */ = {isa = PBXBuildFile; fileRef = 4D4A6EA81B1BB02E001250F6 /* LaunchScreen.xib */; };
		4D4A6EB61B1BB02E001250F6 /* WideAngleTests.m in Sources */ = {isa = PBXBuildFile; fileRef = 4D4A6EB51B1BB02E001250F6 /* WideAngleTests.m */; };
		5602B4721B50F6EA00127BE4 /* a.jpg in Resources */ = {isa = PBXBuildFile; fileRef = 5602B4711B50F6EA00127BE4 /* a.jpg */; };
/* End PBXBuildFile section */

/* Begin PBXContainerItemProxy section */
		4D4A6EB01B1BB02E001250F6 /* PBXContainerItemProxy */ = {
			isa = PBXContainerItemProxy;
			containerPortal = 4D4A6E8E1B1BB02E001250F6 /* Project object */;
			proxyType = 1;
			remoteGlobalIDString = 4D4A6E951B1BB02E001250F6;
			remoteInfo = WideAngle;
		};
/* End PBXContainerItemProxy section */

/* Begin PBXFileReference section */
		4D0B5F431B53204200158D03 /* b.jpg */ = {isa = PBXFileReference; lastKnownFileType = image.jpeg; path = b.jpg; sourceTree = SOURCE_ROOT; };
		4D4A6E961B1BB02E001250F6 /* WideAngle.app */ = {isa = PBXFileReference; explicitFileType = wrapper.application; includeInIndex = 0; path = WideAngle.app; sourceTree = BUILT_PRODUCTS_DIR; };
		4D4A6E9A1B1BB02E001250F6 /* Info.plist */ = {isa = PBXFileReference; lastKnownFileType = text.plist.xml; path = Info.plist; sourceTree = "<group>"; };
		4D4A6E9B1B1BB02E001250F6 /* main.m */ = {isa = PBXFileReference; lastKnownFileType = sourcecode.c.objc; path = main.m; sourceTree = "<group>"; };
		4D4A6E9D1B1BB02E001250F6 /* AppDelegate.h */ = {isa = PBXFileReference; lastKnownFileType = sourcecode.c.h; path = AppDelegate.h; sourceTree = "<group>"; };
		4D4A6E9E1B1BB02E001250F6 /* AppDelegate.m */ = {isa = PBXFileReference; lastKnownFileType = sourcecode.c.objc; path = AppDelegate.m; sourceTree = "<group>"; };
		4D4A6EA01B1BB02E001250F6 /* ViewController.h */ = {isa = PBXFileReference; lastKnownFileType = sourcecode.c.h; path = ViewController.h; sourceTree = "<group>"; };
		4D4A6EA11B1BB02E001250F6 /* ViewController.m */ = {isa = PBXFileReference; lastKnownFileType = sourcecode.c.objc; path = ViewController.m; sourceTree = "<group>"; };
		4D4A6EA41B1BB02E001250F6 /* Base */ = {isa = PBXFileReference; lastKnownFileType = file.storyboard; name = Base; path = Base.lproj/Main.storyboard; sourceTree = "<group>"; };
		4D4A6EA61B1BB02E001250F6 /* Images.xcassets */ = {isa = PBXFileReference; lastKnownFileType = folder.assetcatalog; path = Images.xcassets; sourceTree = "<group>"; };
		4D4A6EA91B1BB02E001250F6 /* Base */ = {isa = PBXFileReference; lastKnownFileType = file.xib; name = Base; path = Base.lproj/LaunchScreen.xib; sourceTree = "<group>"; };
		4D4A6EAF1B1BB02E001250F6 /* WideAngleTests.xctest */ = {isa = PBXFileReference; explicitFileType = wrapper.cfbundle; includeInIndex = 0; path = WideAngleTests.xctest; sourceTree = BUILT_PRODUCTS_DIR; };
		4D4A6EB41B1BB02E001250F6 /* Info.plist */ = {isa = PBXFileReference; lastKnownFileType = text.plist.xml; path = Info.plist; sourceTree = "<group>"; };
		4D4A6EB51B1BB02E001250F6 /* WideAngleTests.m */ = {isa = PBXFileReference; lastKnownFileType = sourcecode.c.objc; path = WideAngleTests.m; sourceTree = "<group>"; };
		5602B4711B50F6EA00127BE4 /* a.jpg */ = {isa = PBXFileReference; lastKnownFileType = image.jpeg; name = a.jpg; path = ../a.jpg; sourceTree = "<group>"; };
/* End PBXFileReference section */

/* Begin PBXFrameworksBuildPhase section */
		4D4A6E931B1BB02E001250F6 /* Frameworks */ = {
			isa = PBXFrameworksBuildPhase;
			buildActionMask = 2147483647;
			files = (
			);
			runOnlyForDeploymentPostprocessing = 0;
		};
		4D4A6EAC1B1BB02E001250F6 /* Frameworks */ = {
			isa = PBXFrameworksBuildPhase;
			buildActionMask = 2147483647;
			files = (
			);
			runOnlyForDeploymentPostprocessing = 0;
		};
/* End PBXFrameworksBuildPhase section */

/* Begin PBXGroup section */
		4D4A6E8D1B1BB02E001250F6 = {
			isa = PBXGroup;
			children = (
				4D4A6E981B1BB02E001250F6 /* WideAngle */,
				4D4A6EB21B1BB02E001250F6 /* WideAngleTests */,
				4D4A6E971B1BB02E001250F6 /* Products */,
			);
			sourceTree = "<group>";
		};
		4D4A6E971B1BB02E001250F6 /* Products */ = {
			isa = PBXGroup;
			children = (
				4D4A6E961B1BB02E001250F6 /* WideAngle.app */,
				4D4A6EAF1B1BB02E001250F6 /* WideAngleTests.xctest */,
			);
			name = Products;
			sourceTree = "<group>";
		};
		4D4A6E981B1BB02E001250F6 /* WideAngle */ = {
			isa = PBXGroup;
			children = (
				4D4A6E9D1B1BB02E001250F6 /* AppDelegate.h */,
				4D4A6E9E1B1BB02E001250F6 /* AppDelegate.m */,
				4D4A6EA01B1BB02E001250F6 /* ViewController.h */,
				4D4A6EA11B1BB02E001250F6 /* ViewController.m */,
				4D4A6EA31B1BB02E001250F6 /* Main.storyboard */,
				4D4A6EA61B1BB02E001250F6 /* Images.xcassets */,
				4D4A6EA81B1BB02E001250F6 /* LaunchScreen.xib */,
				4D4A6E991B1BB02E001250F6 /* Supporting Files */,
			);
			path = WideAngle;
			sourceTree = "<group>";
		};
		4D4A6E991B1BB02E001250F6 /* Supporting Files */ = {
			isa = PBXGroup;
			children = (
				4D4A6E9A1B1BB02E001250F6 /* Info.plist */,
				5602B4711B50F6EA00127BE4 /* a.jpg */,
				4D0B5F431B53204200158D03 /* b.jpg */,
				4D4A6E9B1B1BB02E001250F6 /* main.m */,
			);
			name = "Supporting Files";
			sourceTree = "<group>";
		};
		4D4A6EB21B1BB02E001250F6 /* WideAngleTests */ = {
			isa = PBXGroup;
			children = (
				4D4A6EB51B1BB02E001250F6 /* WideAngleTests.m */,
				4D4A6EB31B1BB02E001250F6 /* Supporting Files */,
			);
			path = WideAngleTests;
			sourceTree = "<group>";
		};
		4D4A6EB31B1BB02E001250F6 /* Supporting Files */ = {
			isa = PBXGroup;
			children = (
				4D4A6EB41B1BB02E001250F6 /* Info.plist */,
			);
			name = "Supporting Files";
			sourceTree = "<group>";
		};
/* End PBXGroup section */

/* Begin PBXNativeTarget section */
		4D4A6E951B1BB02E001250F6 /* WideAngle */ = {
			isa = PBXNativeTarget;
			buildConfigurationList = 4D4A6EB91B1BB02E001250F6 /* Build configuration list for PBXNativeTarget "WideAngle" */;
			buildPhases = (
				4D4A6E921B1BB02E001250F6 /* Sources */,
				4D4A6E931B1BB02E001250F6 /* Frameworks */,
				4D4A6E941B1BB02E001250F6 /* Resources */,
			);
			buildRules = (
			);
			dependencies = (
			);
			name = WideAngle;
			productName = WideAngle;
			productReference = 4D4A6E961B1BB02E001250F6 /* WideAngle.app */;
			productType = "com.apple.product-type.application";
		};
		4D4A6EAE1B1BB02E001250F6 /* WideAngleTests */ = {
			isa = PBXNativeTarget;
			buildConfigurationList = 4D4A6EBC1B1BB02E001250F6 /* Build configuration list for PBXNativeTarget "WideAngleTests" */;
			buildPhases = (
				4D4A6EAB1B1BB02E001250F6 /* Sources */,
				4D4A6EAC1B1BB02E001250F6 /* Frameworks */,
				4D4A6EAD1B1BB02E001250F6 /* Resources */,
			);
			buildRules = (
			);
			dependencies = (
				4D4A6EB11B1BB02E001250F6 /* PBXTargetDependency */,
			);
			name = WideAngleTests;
			productName = WideAngleTests;
			productReference = 4D4A6EAF1B1BB02E001250F6 /* WideAngleTests.xctest */;
			productType = "com.apple.product-type.bundle.unit-test";
		};
/* End PBXNativeTarget section */

/* Begin PBXProject section */
		4D4A6E8E1B1BB02E001250F6 /* Project object */ = {
			isa = PBXProject;
			attributes = {
				LastUpgradeCheck = 0620;
				ORGANIZATIONNAME = "Qing Wang";
				TargetAttributes = {
					4D4A6E951B1BB02E001250F6 = {
						CreatedOnToolsVersion = 6.2;
						DevelopmentTeam = 54QC3FYFWM;
					};
					4D4A6EAE1B1BB02E001250F6 = {
						CreatedOnToolsVersion = 6.2;
						TestTargetID = 4D4A6E951B1BB02E001250F6;
					};
				};
			};
			buildConfigurationList = 4D4A6E911B1BB02E001250F6 /* Build configuration list for PBXProject "WideAngle" */;
			compatibilityVersion = "Xcode 3.2";
			developmentRegion = English;
			hasScannedForEncodings = 0;
			knownRegions = (
				en,
				Base,
			);
			mainGroup = 4D4A6E8D1B1BB02E001250F6;
			productRefGroup = 4D4A6E971B1BB02E001250F6 /* Products */;
			projectDirPath = "";
			projectRoot = "";
			targets = (
				4D4A6E951B1BB02E001250F6 /* WideAngle */,
				4D4A6EAE1B1BB02E001250F6 /* WideAngleTests */,
			);
		};
/* End PBXProject section */

/* Begin PBXResourcesBuildPhase section */
		4D4A6E941B1BB02E001250F6 /* Resources */ = {
			isa = PBXResourcesBuildPhase;
			buildActionMask = 2147483647;
			files = (
				4D4A6EA51B1BB02E001250F6 /* Main.storyboard in Resources */,
				4D0B5F441B53204200158D03 /* b.jpg in Resources */,
				5602B4721B50F6EA00127BE4 /* a.jpg in Resources */,
				4D4A6EAA1B1BB02E001250F6 /* LaunchScreen.xib in Resources */,
				4D4A6EA71B1BB02E001250F6 /* Images.xcassets in Resources */,
			);
			runOnlyForDeploymentPostprocessing = 0;
		};
		4D4A6EAD1B1BB02E001250F6 /* Resources */ = {
			isa = PBXResourcesBuildPhase;
			buildActionMask = 2147483647;
			files = (
			);
			runOnlyForDeploymentPostprocessing = 0;
		};
/* End PBXResourcesBuildPhase section */

/* Begin PBXSourcesBuildPhase section */
		4D4A6E921B1BB02E001250F6 /* Sources */ = {
			isa = PBXSourcesBuildPhase;
			buildActionMask = 2147483647;
			files = (
				4D4A6EA21B1BB02E001250F6 /* ViewController.m in Sources */,
				4D4A6E9F1B1BB02E001250F6 /* AppDelegate.m in Sources */,
				4D4A6E9C1B1BB02E001250F6 /* main.m in Sources */,
			);
			runOnlyForDeploymentPostprocessing = 0;
		};
		4D4A6EAB1B1BB02E001250F6 /* Sources */ = {
			isa = PBXSourcesBuildPhase;
			buildActionMask = 2147483647;
			files = (
				4D4A6EB61B1BB02E001250F6 /* WideAngleTests.m in Sources */,
			);
			runOnlyForDeploymentPostprocessing = 0;
		};
/* End PBXSourcesBuildPhase section */

/* Begin PBXTargetDependency section */
		4D4A6EB11B1BB02E001250F6 /* PBXTargetDependency */ = {
			isa = PBXTargetDependency;
			target = 4D4A6E951B1BB02E001250F6 /* WideAngle */;
			targetProxy = 4D4A6EB01B1BB02E001250F6 /* PBXContainerItemProxy */;
		};
/* End PBXTargetDependency section */

/* Begin PBXVariantGroup section */
		4D4A6EA31B1BB02E001250F6 /* Main.storyboard */ = {
			isa = PBXVariantGroup;
			children = (
				4D4A6EA41B1BB02E001250F6 /* Base */,
			);
			name = Main.storyboard;
			sourceTree = "<group>";
		};
		4D4A6EA81B1BB02E001250F6 /* LaunchScreen.xib */ = {
			isa = PBXVariantGroup;
			children = (
				4D4A6EA91B1BB02E001250F6 /* Base */,
			);
			name = LaunchScreen.xib;
			sourceTree = "<group>";
		};
/* End PBXVariantGroup section */

/* Begin XCBuildConfiguration section */
		4D4A6EB71B1BB02E001250F6 /* Debug */ = {
			isa = XCBuildConfiguration;
			buildSettings = {
				ALWAYS_SEARCH_USER_PATHS = NO;
				CLANG_CXX_LANGUAGE_STANDARD = "gnu++0x";
				CLANG_CXX_LIBRARY = "libc++";
				CLANG_ENABLE_MODULES = YES;
				CLANG_ENABLE_OBJC_ARC = YES;
				CLANG_WARN_BOOL_CONVERSION = YES;
				CLANG_WARN_CONSTANT_CONVERSION = YES;
				CLANG_WARN_DIRECT_OBJC_ISA_USAGE = YES_ERROR;
				CLANG_WARN_EMPTY_BODY = YES;
				CLANG_WARN_ENUM_CONVERSION = YES;
				CLANG_WARN_INT_CONVERSION = YES;
				CLANG_WARN_OBJC_ROOT_CLASS = YES_ERROR;
				CLANG_WARN_UNREACHABLE_CODE = YES;
				CLANG_WARN__DUPLICATE_METHOD_MATCH = YES;
				"CODE_SIGN_IDENTITY[sdk=iphoneos*]" = "iPhone Developer";
				COPY_PHASE_STRIP = NO;
				ENABLE_STRICT_OBJC_MSGSEND = YES;
				GCC_C_LANGUAGE_STANDARD = gnu99;
				GCC_DYNAMIC_NO_PIC = NO;
				GCC_OPTIMIZATION_LEVEL = 0;
				GCC_PREPROCESSOR_DEFINITIONS = (
					"DEBUG=1",
					"$(inherited)",
				);
				GCC_SYMBOLS_PRIVATE_EXTERN = NO;
				GCC_WARN_64_TO_32_BIT_CONVERSION = YES;
				GCC_WARN_ABOUT_RETURN_TYPE = YES_ERROR;
				GCC_WARN_UNDECLARED_SELECTOR = YES;
				GCC_WARN_UNINITIALIZED_AUTOS = YES_AGGRESSIVE;
				GCC_WARN_UNUSED_FUNCTION = YES;
				GCC_WARN_UNUSED_VARIABLE = YES;
				IPHONEOS_DEPLOYMENT_TARGET = 8.2;
				MTL_ENABLE_DEBUG_INFO = YES;
				ONLY_ACTIVE_ARCH = YES;
				SDKROOT = iphoneos;
				TARGETED_DEVICE_FAMILY = "1,2";
			};
			name = Debug;
		};
		4D4A6EB81B1BB02E001250F6 /* Release */ = {
			isa = XCBuildConfiguration;
			buildSettings = {
				ALWAYS_SEARCH_USER_PATHS = NO;
				CLANG_CXX_LANGUAGE_STANDARD = "gnu++0x";
				CLANG_CXX_LIBRARY = "libc++";
				CLANG_ENABLE_MODULES = YES;
				CLANG_ENABLE_OBJC_ARC = YES;
				CLANG_WARN_BOOL_CONVERSION = YES;
				CLANG_WARN_CONSTANT_CONVERSION = YES;
				CLANG_WARN_DIRECT_OBJC_ISA_USAGE = YES_ERROR;
				CLANG_WARN_EMPTY_BODY = YES;
				CLANG_WARN_ENUM_CONVERSION = YES;
				CLANG_WARN_INT_CONVERSION = YES;
				CLANG_WARN_OBJC_ROOT_CLASS = YES_ERROR;
				CLANG_WARN_UNREACHABLE_CODE = YES;
				CLANG_WARN__DUPLICATE_METHOD_MATCH = YES;
				"CODE_SIGN_IDENTITY[sdk=iphoneos*]" = "iPhone Developer";
				COPY_PHASE_STRIP = NO;
				ENABLE_NS_ASSERTIONS = NO;
				ENABLE_STRICT_OBJC_MSGSEND = YES;
				GCC_C_LANGUAGE_STANDARD = gnu99;
				GCC_WARN_64_TO_32_BIT_CONVERSION = YES;
				GCC_WARN_ABOUT_RETURN_TYPE = YES_ERROR;
				GCC_WARN_UNDECLARED_SELECTOR = YES;
				GCC_WARN_UNINITIALIZED_AUTOS = YES_AGGRESSIVE;
				GCC_WARN_UNUSED_FUNCTION = YES;
				GCC_WARN_UNUSED_VARIABLE = YES;
				IPHONEOS_DEPLOYMENT_TARGET = 8.2;
				MTL_ENABLE_DEBUG_INFO = NO;
				SDKROOT = iphoneos;
				TARGETED_DEVICE_FAMILY = "1,2";
				VALIDATE_PRODUCT = YES;
			};
			name = Release;
		};
		4D4A6EBA1B1BB02E001250F6 /* Debug */ = {
			isa = XCBuildConfiguration;
			buildSettings = {
				ASSETCATALOG_COMPILER_APPICON_NAME = AppIcon;
				ASSETCATALOG_COMPILER_LAUNCHIMAGE_NAME = LaunchImage;
				CODE_SIGN_IDENTITY = "iPhone Developer";
				"CODE_SIGN_IDENTITY[sdk=iphoneos*]" = "iPhone Developer";
				INFOPLIST_FILE = WideAngle/Info.plist;
				IPHONEOS_DEPLOYMENT_TARGET = 7.0;
				LD_RUNPATH_SEARCH_PATHS = "$(inherited) @executable_path/Frameworks";
				PRODUCT_NAME = "$(TARGET_NAME)";
				PROVISIONING_PROFILE = "";
				TARGETED_DEVICE_FAMILY = "1,2";
			};
			name = Debug;
		};
		4D4A6EBB1B1BB02E001250F6 /* Release */ = {
			isa = XCBuildConfiguration;
			buildSettings = {
				ASSETCATALOG_COMPILER_APPICON_NAME = AppIcon;
				ASSETCATALOG_COMPILER_LAUNCHIMAGE_NAME = LaunchImage;
				CODE_SIGN_IDENTITY = "iPhone Developer";
				"CODE_SIGN_IDENTITY[sdk=iphoneos*]" = "iPhone Developer";
				INFOPLIST_FILE = WideAngle/Info.plist;
				IPHONEOS_DEPLOYMENT_TARGET = 7.0;
				LD_RUNPATH_SEARCH_PATHS = "$(inherited) @executable_path/Frameworks";
				PRODUCT_NAME = "$(TARGET_NAME)";
				PROVISIONING_PROFILE = "";
				TARGETED_DEVICE_FAMILY = "1,2";
			};
			name = Release;
		};
		4D4A6EBD1B1BB02E001250F6 /* Debug */ = {
			isa = XCBuildConfiguration;
			buildSettings = {
				BUNDLE_LOADER = "$(TEST_HOST)";
				FRAMEWORK_SEARCH_PATHS = (
					"$(SDKROOT)/Developer/Library/Frameworks",
					"$(inherited)",
				);
				GCC_PREPROCESSOR_DEFINITIONS = (
					"DEBUG=1",
					"$(inherited)",
				);
				INFOPLIST_FILE = WideAngleTests/Info.plist;
				LD_RUNPATH_SEARCH_PATHS = "$(inherited) @executable_path/Frameworks @loader_path/Frameworks";
				PRODUCT_NAME = "$(TARGET_NAME)";
				TEST_HOST = "$(BUILT_PRODUCTS_DIR)/WideAngle.app/WideAngle";
			};
			name = Debug;
		};
		4D4A6EBE1B1BB02E001250F6 /* Release */ = {
			isa = XCBuildConfiguration;
			buildSettings = {
				BUNDLE_LOADER = "$(TEST_HOST)";
				FRAMEWORK_SEARCH_PATHS = (
					"$(SDKROOT)/Developer/Library/Frameworks",
					"$(inherited)",
				);
				INFOPLIST_FILE = WideAngleTests/Info.plist;
				LD_RUNPATH_SEARCH_PATHS = "$(inherited) @executable_path/Frameworks @loader_path/Frameworks";
				PRODUCT_NAME = "$(TARGET_NAME)";
				TEST_HOST = "$(BUILT_PRODUCTS_DIR)/WideAngle.app/WideAngle";
			};
			name = Release;
		};
/* End XCBuildConfiguration section */

/* Begin XCConfigurationList section */
		4D4A6E911B1BB02E001250F6 /* Build configuration list for PBXProject "WideAngle" */ = {
			isa = XCConfigurationList;
			buildConfigurations = (
				4D4A6EB71B1BB02E001250F6 /* Debug */,
				4D4A6EB81B1BB02E001250F6 /* Release */,
			);
			defaultConfigurationIsVisible = 0;
			defaultConfigurationName = Release;
		};
		4D4A6EB91B1BB02E001250F6 /* Build configuration list for PBXNativeTarget "WideAngle" */ = {
			isa = XCConfigurationList;
			buildConfigurations = (
				4D4A6EBA1B1BB02E001250F6 /* Debug */,
				4D4A6EBB1B1BB02E001250F6 /* Release */,
			);
			defaultConfigurationIsVisible = 0;
			defaultConfigurationName = Release;
		};
		4D4A6EBC1B1BB02E001250F6 /* Build configuration list for PBXNativeTarget "WideAngleTests" */ = {
			isa = XCConfigurationList;
			buildConfigurations = (
				4D4A6EBD1B1BB02E001250F6 /* Debug */,
				4D4A6EBE1B1BB02E001250F6 /* Release */,
			);
			defaultConfigurationIsVisible = 0;
			defaultConfigurationName = Release;
		};
/* End XCConfigurationList section */
	};
	rootObject = 4D4A6E8E1B1BB02E001250F6 /* Project object */;
}
